# Pinned Spyre RPM package names, one per line.
# Lines starting with # are ignored.
# Specify exact versions to pin (e.g. ibm-deeptools-1.2.3-1.el8).
# The cache key is derived from this file's hash. Changing any entry
# invalidates the GHA RPM cache and triggers a fresh download.
#
ibm-aiu-toolbox-e2e-2.0.0-0.main.27+27.4f086064.bc93b2360024.4f08606.el10
ibm-deeptools-2.0.0-0.master.2263+2263.5176c9f4.77979831d745.5176c9f.el10
ibm-deeptools-devel-2.0.0-0.master.2263+2263.5176c9f4.77979831d745.5176c9f.el10
ibm-flex-2.0.0-0.main.485+485.06deb63d.3581d7d81c6f.06deb63.el10
ibm-flex-devel-2.0.0-0.main.485+485.06deb63d.3581d7d81c6f.06deb63.el10
ibm-libaiupti-2.0.0-0.main.21+21.bd7054db.c458e041195b.bd7054d.el10
ibm-senlib-core-2.0.0-0.main.1+238.df7e745_203.a044a88c6055.el10
ibm-senlib-dd2-2.0.0-0.main.1+238.df7e745_203.a044a88c6055.el10
ibm-senlib-headers-2.0.0-0.main.1+238.df7e745_203.a044a88c6055.el10
ibm-spyre-comms-1.0.0-0.main.121+121.38653361.395bdfe0ea8a.3865336.el10
ibm-spyre-comms-devel-1.0.0-0.main.121+121.38653361.395bdfe0ea8a.3865336.el10
