# Pinned Spyre RPM package names, one per line.
# Lines starting with # are ignored.
# Specify exact versions to pin (e.g. ibm-deeptools-1.2.3-1.el8).
# The cache key is derived from this file's hash. Changing any entry
# invalidates the GHA RPM cache and triggers a fresh download.
#
ibm-aiu-toolbox-e2e-2.0.0-0.main.27+27.4f086064.50a87cd2dce5.4f08606.el10
ibm-deeptools-2.0.0-0.master.2142+2142.a54c45fb.0b76d1bf564c.a54c45f.el10
ibm-deeptools-devel-2.0.0-0.master.2142+2142.a54c45fb.0b76d1bf564c.a54c45f.el10
ibm-flex-2.0.0-0.main.456+456.33650c47.89b07ec13974.33650c4.el10
ibm-flex-devel-2.0.0-0.main.456+456.33650c47.89b07ec13974.33650c4.el10
ibm-senlib-core-2.0.0-0.main.1+228.7a130ab_184.0ee49afde979.el10
ibm-senlib-dd2-2.0.0-0.main.1+228.7a130ab_184.0ee49afde979.el10
ibm-senlib-headers-2.0.0-0.main.1+228.7a130ab_184.0ee49afde979.el10
ibm-spyre-comms-1.0.0-0.main.112+112.173dcb6c.08db6fdc1468.173dcb6.el10
ibm-spyre-comms-devel-1.0.0-0.main.112+112.173dcb6c.08db6fdc1468.173dcb6.el10
ibm-libaiupti-2.0.0-0.main.17+17.ab2e5cae.40be6ffff09e.ab2e5ca.el10
